// !$*UTF8*$!
{
	archiveVersion = 1;
	classes = {
	};
	objectVersion = 46;
	objects = {

/* Begin PBXBuildFile section */
		28F43C921DA0954E00BCE785 /* GoogleService-Info.plist in Resources */ = {isa = PBXBuildFile; fileRef = 28F43C911DA0954E00BCE785 /* GoogleService-Info.plist */; };
		28F43C941DA0AE4900BCE785 /* Message.swift in Sources */ = {isa = PBXBuildFile; fileRef = 28F43C931DA0AE4900BCE785 /* Message.swift */; };
		28F43C961DA0D32C00BCE785 /* Notification.swift in Sources */ = {isa = PBXBuildFile; fileRef = 28F43C951DA0D32C00BCE785 /* Notification.swift */; };
		28F43C981DA0D55500BCE785 /* NotificationJoinRequest.swift in Sources */ = {isa = PBXBuildFile; fileRef = 28F43C971DA0D55500BCE785 /* NotificationJoinRequest.swift */; };
		28F43C9A1DA0DBC200BCE785 /* NotificationJoinApproval.swift in Sources */ = {isa = PBXBuildFile; fileRef = 28F43C991DA0DBC200BCE785 /* NotificationJoinApproval.swift */; };
		28F43C9C1DA0DEAD00BCE785 /* BrowseSession.swift in Sources */ = {isa = PBXBuildFile; fileRef = 28F43C9B1DA0DEAD00BCE785 /* BrowseSession.swift */; };
		28F43CA01DA124D100BCE785 /* RequestViewController.swift in Sources */ = {isa = PBXBuildFile; fileRef = 28F43C9F1DA124D100BCE785 /* RequestViewController.swift */; };
		28F836581DA07F7F005BFF77 /* Main.storyboard in Resources */ = {isa = PBXBuildFile; fileRef = 28F836561DA07F7F005BFF77 /* Main.storyboard */; };
		28F8365A1DA07F7F005BFF77 /* Assets.xcassets in Resources */ = {isa = PBXBuildFile; fileRef = 28F836591DA07F7F005BFF77 /* Assets.xcassets */; };
		28F8365D1DA07F7F005BFF77 /* LaunchScreen.storyboard in Resources */ = {isa = PBXBuildFile; fileRef = 28F8365B1DA07F7F005BFF77 /* LaunchScreen.storyboard */; };
		28F836681DA07F7F005BFF77 /* LitFactoryTests.swift in Sources */ = {isa = PBXBuildFile; fileRef = 28F836671DA07F7F005BFF77 /* LitFactoryTests.swift */; };
		28F836731DA07F7F005BFF77 /* LitFactoryUITests.swift in Sources */ = {isa = PBXBuildFile; fileRef = 28F836721DA07F7F005BFF77 /* LitFactoryUITests.swift */; };
		28F836811DA08182005BFF77 /* User.swift in Sources */ = {isa = PBXBuildFile; fileRef = 28F836801DA08182005BFF77 /* User.swift */; };
		C0A9742C8856750A91C5A1A6 /* Pods_LitFactoryTests.framework in Frameworks */ = {isa = PBXBuildFile; fileRef = 90B037D2E78184423AF031CB /* Pods_LitFactoryTests.framework */; };
		F40D83C5CB9898966592A0D7 /* Pods_LitFactoryUITests.framework in Frameworks */ = {isa = PBXBuildFile; fileRef = 4D7C4971271C4FDF9F5D6972 /* Pods_LitFactoryUITests.framework */; };
		F67B07C41DA0EE6300E811CB /* AppDelegate.swift in Sources */ = {isa = PBXBuildFile; fileRef = 28F836501DA07F7F005BFF77 /* AppDelegate.swift */; };
		F67B07C51DA0EE6500E811CB /* Party.swift in Sources */ = {isa = PBXBuildFile; fileRef = 28F836861DA08929005BFF77 /* Party.swift */; };
		F67B07C61DA0EE6800E811CB /* Global.swift in Sources */ = {isa = PBXBuildFile; fileRef = 28F836821DA08301005BFF77 /* Global.swift */; };
		F67B07C81DA1169500E811CB /* NotificationViewController.swift in Sources */ = {isa = PBXBuildFile; fileRef = F67B07C71DA1169500E811CB /* NotificationViewController.swift */; };
		F67B07CA1DA1193800E811CB /* NotificationTableViewCell.swift in Sources */ = {isa = PBXBuildFile; fileRef = F67B07C91DA1193800E811CB /* NotificationTableViewCell.swift */; };
		F6AFD4EE1DA0A5E000C11C24 /* HomeViewController.swift in Sources */ = {isa = PBXBuildFile; fileRef = F6AFD4ED1DA0A5E000C11C24 /* HomeViewController.swift */; };
		F6AFD4F01DA0B07900C11C24 /* PartyInfoViewController.swift in Sources */ = {isa = PBXBuildFile; fileRef = F6AFD4EF1DA0B07900C11C24 /* PartyInfoViewController.swift */; };
		F6AFD4F21DA0B49200C11C24 /* HostViewController.swift in Sources */ = {isa = PBXBuildFile; fileRef = F6AFD4F11DA0B49200C11C24 /* HostViewController.swift */; };
		F6AFD4F41DA0C0A400C11C24 /* PhotoViewController.swift in Sources */ = {isa = PBXBuildFile; fileRef = F6AFD4F31DA0C0A400C11C24 /* PhotoViewController.swift */; };
		FC4B7B761BFCBC38B818FD64 /* Pods_LitFactory.framework in Frameworks */ = {isa = PBXBuildFile; fileRef = D7305C7F5CFF2C22594E2AA7 /* Pods_LitFactory.framework */; };
/* End PBXBuildFile section */

/* Begin PBXContainerItemProxy section */
		28F836641DA07F7F005BFF77 /* PBXContainerItemProxy */ = {
			isa = PBXContainerItemProxy;
			containerPortal = 28F836451DA07F7F005BFF77 /* Project object */;
			proxyType = 1;
			remoteGlobalIDString = 28F8364C1DA07F7F005BFF77;
			remoteInfo = LitFactory;
		};
		28F8366F1DA07F7F005BFF77 /* PBXContainerItemProxy */ = {
			isa = PBXContainerItemProxy;
			containerPortal = 28F836451DA07F7F005BFF77 /* Project object */;
			proxyType = 1;
			remoteGlobalIDString = 28F8364C1DA07F7F005BFF77;
			remoteInfo = LitFactory;
		};
/* End PBXContainerItemProxy section */

/* Begin PBXFileReference section */
		28F43C911DA0954E00BCE785 /* GoogleService-Info.plist */ = {isa = PBXFileReference; fileEncoding = 4; lastKnownFileType = text.plist.xml; path = "GoogleService-Info.plist"; sourceTree = "<group>"; };
		28F43C931DA0AE4900BCE785 /* Message.swift */ = {isa = PBXFileReference; fileEncoding = 4; lastKnownFileType = sourcecode.swift; path = Message.swift; sourceTree = "<group>"; };
		28F43C951DA0D32C00BCE785 /* Notification.swift */ = {isa = PBXFileReference; fileEncoding = 4; lastKnownFileType = sourcecode.swift; path = Notification.swift; sourceTree = "<group>"; };
		28F43C971DA0D55500BCE785 /* NotificationJoinRequest.swift */ = {isa = PBXFileReference; fileEncoding = 4; lastKnownFileType = sourcecode.swift; path = NotificationJoinRequest.swift; sourceTree = "<group>"; };
		28F43C991DA0DBC200BCE785 /* NotificationJoinApproval.swift */ = {isa = PBXFileReference; fileEncoding = 4; lastKnownFileType = sourcecode.swift; path = NotificationJoinApproval.swift; sourceTree = "<group>"; };
		28F43C9B1DA0DEAD00BCE785 /* BrowseSession.swift */ = {isa = PBXFileReference; fileEncoding = 4; lastKnownFileType = sourcecode.swift; path = BrowseSession.swift; sourceTree = "<group>"; };
		28F43C9F1DA124D100BCE785 /* RequestViewController.swift */ = {isa = PBXFileReference; fileEncoding = 4; lastKnownFileType = sourcecode.swift; path = RequestViewController.swift; sourceTree = "<group>"; };
		28F8364D1DA07F7F005BFF77 /* LitFactory.app */ = {isa = PBXFileReference; explicitFileType = wrapper.application; includeInIndex = 0; path = LitFactory.app; sourceTree = BUILT_PRODUCTS_DIR; };
		28F836501DA07F7F005BFF77 /* AppDelegate.swift */ = {isa = PBXFileReference; lastKnownFileType = sourcecode.swift; path = AppDelegate.swift; sourceTree = "<group>"; };
		28F836571DA07F7F005BFF77 /* Base */ = {isa = PBXFileReference; lastKnownFileType = file.storyboard; name = Base; path = Base.lproj/Main.storyboard; sourceTree = "<group>"; };
		28F836591DA07F7F005BFF77 /* Assets.xcassets */ = {isa = PBXFileReference; lastKnownFileType = folder.assetcatalog; path = Assets.xcassets; sourceTree = "<group>"; };
		28F8365C1DA07F7F005BFF77 /* Base */ = {isa = PBXFileReference; lastKnownFileType = file.storyboard; name = Base; path = Base.lproj/LaunchScreen.storyboard; sourceTree = "<group>"; };
		28F8365E1DA07F7F005BFF77 /* Info.plist */ = {isa = PBXFileReference; lastKnownFileType = text.plist.xml; path = Info.plist; sourceTree = "<group>"; };
		28F836631DA07F7F005BFF77 /* LitFactoryTests.xctest */ = {isa = PBXFileReference; explicitFileType = wrapper.cfbundle; includeInIndex = 0; path = LitFactoryTests.xctest; sourceTree = BUILT_PRODUCTS_DIR; };
		28F836671DA07F7F005BFF77 /* LitFactoryTests.swift */ = {isa = PBXFileReference; lastKnownFileType = sourcecode.swift; path = LitFactoryTests.swift; sourceTree = "<group>"; };
		28F836691DA07F7F005BFF77 /* Info.plist */ = {isa = PBXFileReference; lastKnownFileType = text.plist.xml; path = Info.plist; sourceTree = "<group>"; };
		28F8366E1DA07F7F005BFF77 /* LitFactoryUITests.xctest */ = {isa = PBXFileReference; explicitFileType = wrapper.cfbundle; includeInIndex = 0; path = LitFactoryUITests.xctest; sourceTree = BUILT_PRODUCTS_DIR; };
		28F836721DA07F7F005BFF77 /* LitFactoryUITests.swift */ = {isa = PBXFileReference; lastKnownFileType = sourcecode.swift; path = LitFactoryUITests.swift; sourceTree = "<group>"; };
		28F836741DA07F7F005BFF77 /* Info.plist */ = {isa = PBXFileReference; lastKnownFileType = text.plist.xml; path = Info.plist; sourceTree = "<group>"; };
		28F836801DA08182005BFF77 /* User.swift */ = {isa = PBXFileReference; fileEncoding = 4; lastKnownFileType = sourcecode.swift; path = User.swift; sourceTree = "<group>"; };
		28F836821DA08301005BFF77 /* Global.swift */ = {isa = PBXFileReference; fileEncoding = 4; lastKnownFileType = sourcecode.swift; path = Global.swift; sourceTree = "<group>"; };
		28F836861DA08929005BFF77 /* Party.swift */ = {isa = PBXFileReference; fileEncoding = 4; lastKnownFileType = sourcecode.swift; path = Party.swift; sourceTree = "<group>"; };
		4D7C4971271C4FDF9F5D6972 /* Pods_LitFactoryUITests.framework */ = {isa = PBXFileReference; explicitFileType = wrapper.framework; includeInIndex = 0; path = Pods_LitFactoryUITests.framework; sourceTree = BUILT_PRODUCTS_DIR; };
		5FA72B958408A8E1A3EEB6C7 /* Pods-LitFactoryTests.debug.xcconfig */ = {isa = PBXFileReference; includeInIndex = 1; lastKnownFileType = text.xcconfig; name = "Pods-LitFactoryTests.debug.xcconfig"; path = "Pods/Target Support Files/Pods-LitFactoryTests/Pods-LitFactoryTests.debug.xcconfig"; sourceTree = "<group>"; };
		6C39C5D87E696583E1FC53AD /* Pods-LitFactoryTests.release.xcconfig */ = {isa = PBXFileReference; includeInIndex = 1; lastKnownFileType = text.xcconfig; name = "Pods-LitFactoryTests.release.xcconfig"; path = "Pods/Target Support Files/Pods-LitFactoryTests/Pods-LitFactoryTests.release.xcconfig"; sourceTree = "<group>"; };
		77D85AD45E9AD49853E4675D /* Pods-LitFactoryUITests.release.xcconfig */ = {isa = PBXFileReference; includeInIndex = 1; lastKnownFileType = text.xcconfig; name = "Pods-LitFactoryUITests.release.xcconfig"; path = "Pods/Target Support Files/Pods-LitFactoryUITests/Pods-LitFactoryUITests.release.xcconfig"; sourceTree = "<group>"; };
		90B037D2E78184423AF031CB /* Pods_LitFactoryTests.framework */ = {isa = PBXFileReference; explicitFileType = wrapper.framework; includeInIndex = 0; path = Pods_LitFactoryTests.framework; sourceTree = BUILT_PRODUCTS_DIR; };
		A7C1BBC1D90F7BA8B7AC908E /* Pods-LitFactory.release.xcconfig */ = {isa = PBXFileReference; includeInIndex = 1; lastKnownFileType = text.xcconfig; name = "Pods-LitFactory.release.xcconfig"; path = "Pods/Target Support Files/Pods-LitFactory/Pods-LitFactory.release.xcconfig"; sourceTree = "<group>"; };
		B7D3EA04852A6349984A3396 /* Pods-LitFactoryUITests.debug.xcconfig */ = {isa = PBXFileReference; includeInIndex = 1; lastKnownFileType = text.xcconfig; name = "Pods-LitFactoryUITests.debug.xcconfig"; path = "Pods/Target Support Files/Pods-LitFactoryUITests/Pods-LitFactoryUITests.debug.xcconfig"; sourceTree = "<group>"; };
		D7305C7F5CFF2C22594E2AA7 /* Pods_LitFactory.framework */ = {isa = PBXFileReference; explicitFileType = wrapper.framework; includeInIndex = 0; path = Pods_LitFactory.framework; sourceTree = BUILT_PRODUCTS_DIR; };
		F53554B65C26FDC4812AF753 /* Pods-LitFactory.debug.xcconfig */ = {isa = PBXFileReference; includeInIndex = 1; lastKnownFileType = text.xcconfig; name = "Pods-LitFactory.debug.xcconfig"; path = "Pods/Target Support Files/Pods-LitFactory/Pods-LitFactory.debug.xcconfig"; sourceTree = "<group>"; };
		F67B07C71DA1169500E811CB /* NotificationViewController.swift */ = {isa = PBXFileReference; fileEncoding = 4; lastKnownFileType = sourcecode.swift; path = NotificationViewController.swift; sourceTree = "<group>"; };
		F67B07C91DA1193800E811CB /* NotificationTableViewCell.swift */ = {isa = PBXFileReference; fileEncoding = 4; lastKnownFileType = sourcecode.swift; path = NotificationTableViewCell.swift; sourceTree = "<group>"; };
		F6AFD4ED1DA0A5E000C11C24 /* HomeViewController.swift */ = {isa = PBXFileReference; fileEncoding = 4; lastKnownFileType = sourcecode.swift; path = HomeViewController.swift; sourceTree = "<group>"; };
		F6AFD4EF1DA0B07900C11C24 /* PartyInfoViewController.swift */ = {isa = PBXFileReference; fileEncoding = 4; lastKnownFileType = sourcecode.swift; path = PartyInfoViewController.swift; sourceTree = "<group>"; };
		F6AFD4F11DA0B49200C11C24 /* HostViewController.swift */ = {isa = PBXFileReference; fileEncoding = 4; lastKnownFileType = sourcecode.swift; path = HostViewController.swift; sourceTree = "<group>"; };
		F6AFD4F31DA0C0A400C11C24 /* PhotoViewController.swift */ = {isa = PBXFileReference; fileEncoding = 4; lastKnownFileType = sourcecode.swift; path = PhotoViewController.swift; sourceTree = "<group>"; };
/* End PBXFileReference section */

/* Begin PBXFrameworksBuildPhase section */
		28F8364A1DA07F7F005BFF77 /* Frameworks */ = {
			isa = PBXFrameworksBuildPhase;
			buildActionMask = 2147483647;
			files = (
				FC4B7B761BFCBC38B818FD64 /* Pods_LitFactory.framework in Frameworks */,
			);
			runOnlyForDeploymentPostprocessing = 0;
		};
		28F836601DA07F7F005BFF77 /* Frameworks */ = {
			isa = PBXFrameworksBuildPhase;
			buildActionMask = 2147483647;
			files = (
				C0A9742C8856750A91C5A1A6 /* Pods_LitFactoryTests.framework in Frameworks */,
			);
			runOnlyForDeploymentPostprocessing = 0;
		};
		28F8366B1DA07F7F005BFF77 /* Frameworks */ = {
			isa = PBXFrameworksBuildPhase;
			buildActionMask = 2147483647;
			files = (
				F40D83C5CB9898966592A0D7 /* Pods_LitFactoryUITests.framework in Frameworks */,
			);
			runOnlyForDeploymentPostprocessing = 0;
		};
/* End PBXFrameworksBuildPhase section */

/* Begin PBXGroup section */
		28F836441DA07F7F005BFF77 = {
			isa = PBXGroup;
			children = (
				28F8364F1DA07F7F005BFF77 /* LitFactory */,
				28F836661DA07F7F005BFF77 /* LitFactoryTests */,
				28F836711DA07F7F005BFF77 /* LitFactoryUITests */,
				28F8364E1DA07F7F005BFF77 /* Products */,
				5AE4D33F3BD10C4FB1470A6D /* Pods */,
				554781249C101581C241C9C9 /* Frameworks */,
			);
			sourceTree = "<group>";
		};
		28F8364E1DA07F7F005BFF77 /* Products */ = {
			isa = PBXGroup;
			children = (
				28F8364D1DA07F7F005BFF77 /* LitFactory.app */,
				28F836631DA07F7F005BFF77 /* LitFactoryTests.xctest */,
				28F8366E1DA07F7F005BFF77 /* LitFactoryUITests.xctest */,
			);
			name = Products;
			sourceTree = "<group>";
		};
		28F8364F1DA07F7F005BFF77 /* LitFactory */ = {
			isa = PBXGroup;
			children = (
				28F836501DA07F7F005BFF77 /* AppDelegate.swift */,
				28F836801DA08182005BFF77 /* User.swift */,
				28F836861DA08929005BFF77 /* Party.swift */,
				28F43C931DA0AE4900BCE785 /* Message.swift */,
				28F836821DA08301005BFF77 /* Global.swift */,
				F6AFD4ED1DA0A5E000C11C24 /* HomeViewController.swift */,
				F6AFD4F31DA0C0A400C11C24 /* PhotoViewController.swift */,
				F6AFD4EF1DA0B07900C11C24 /* PartyInfoViewController.swift */,
				28F43C9B1DA0DEAD00BCE785 /* BrowseSession.swift */,
				28F43C951DA0D32C00BCE785 /* Notification.swift */,
				28F43C971DA0D55500BCE785 /* NotificationJoinRequest.swift */,
				28F43C991DA0DBC200BCE785 /* NotificationJoinApproval.swift */,
				28F836561DA07F7F005BFF77 /* Main.storyboard */,
				28F43C9F1DA124D100BCE785 /* RequestViewController.swift */,
				F67B07C91DA1193800E811CB /* NotificationTableViewCell.swift */,
				F67B07C71DA1169500E811CB /* NotificationViewController.swift */,
				F6AFD4F11DA0B49200C11C24 /* HostViewController.swift */,
				28F836591DA07F7F005BFF77 /* Assets.xcassets */,
				28F8365B1DA07F7F005BFF77 /* LaunchScreen.storyboard */,
				28F8365E1DA07F7F005BFF77 /* Info.plist */,
				28F43C911DA0954E00BCE785 /* GoogleService-Info.plist */,
			);
			path = LitFactory;
			sourceTree = "<group>";
		};
		28F836661DA07F7F005BFF77 /* LitFactoryTests */ = {
			isa = PBXGroup;
			children = (
				28F836671DA07F7F005BFF77 /* LitFactoryTests.swift */,
				28F836691DA07F7F005BFF77 /* Info.plist */,
			);
			path = LitFactoryTests;
			sourceTree = "<group>";
		};
		28F836711DA07F7F005BFF77 /* LitFactoryUITests */ = {
			isa = PBXGroup;
			children = (
				28F836721DA07F7F005BFF77 /* LitFactoryUITests.swift */,
				28F836741DA07F7F005BFF77 /* Info.plist */,
			);
			path = LitFactoryUITests;
			sourceTree = "<group>";
		};
		554781249C101581C241C9C9 /* Frameworks */ = {
			isa = PBXGroup;
			children = (
				D7305C7F5CFF2C22594E2AA7 /* Pods_LitFactory.framework */,
				90B037D2E78184423AF031CB /* Pods_LitFactoryTests.framework */,
				4D7C4971271C4FDF9F5D6972 /* Pods_LitFactoryUITests.framework */,
			);
			name = Frameworks;
			sourceTree = "<group>";
		};
		5AE4D33F3BD10C4FB1470A6D /* Pods */ = {
			isa = PBXGroup;
			children = (
				F53554B65C26FDC4812AF753 /* Pods-LitFactory.debug.xcconfig */,
				A7C1BBC1D90F7BA8B7AC908E /* Pods-LitFactory.release.xcconfig */,
				5FA72B958408A8E1A3EEB6C7 /* Pods-LitFactoryTests.debug.xcconfig */,
				6C39C5D87E696583E1FC53AD /* Pods-LitFactoryTests.release.xcconfig */,
				B7D3EA04852A6349984A3396 /* Pods-LitFactoryUITests.debug.xcconfig */,
				77D85AD45E9AD49853E4675D /* Pods-LitFactoryUITests.release.xcconfig */,
			);
			name = Pods;
			sourceTree = "<group>";
		};
/* End PBXGroup section */

/* Begin PBXNativeTarget section */
		28F8364C1DA07F7F005BFF77 /* LitFactory */ = {
			isa = PBXNativeTarget;
			buildConfigurationList = 28F836771DA07F7F005BFF77 /* Build configuration list for PBXNativeTarget "LitFactory" */;
			buildPhases = (
				36AFDB2AE219353DCFA8289F /* [CP] Check Pods Manifest.lock */,
				28F836491DA07F7F005BFF77 /* Sources */,
				28F8364A1DA07F7F005BFF77 /* Frameworks */,
				28F8364B1DA07F7F005BFF77 /* Resources */,
				5814D35B714389408C4EDAF6 /* [CP] Embed Pods Frameworks */,
				B64B91B6230C1C8900884F82 /* [CP] Copy Pods Resources */,
			);
			buildRules = (
			);
			dependencies = (
			);
			name = LitFactory;
			productName = LitFactory;
			productReference = 28F8364D1DA07F7F005BFF77 /* LitFactory.app */;
			productType = "com.apple.product-type.application";
		};
		28F836621DA07F7F005BFF77 /* LitFactoryTests */ = {
			isa = PBXNativeTarget;
			buildConfigurationList = 28F8367A1DA07F7F005BFF77 /* Build configuration list for PBXNativeTarget "LitFactoryTests" */;
			buildPhases = (
				E163727526F6CA9A3C5D3E00 /* [CP] Check Pods Manifest.lock */,
				28F8365F1DA07F7F005BFF77 /* Sources */,
				28F836601DA07F7F005BFF77 /* Frameworks */,
				28F836611DA07F7F005BFF77 /* Resources */,
				F65DFDB9410DC7F8AC6E1B30 /* [CP] Embed Pods Frameworks */,
				C3013B3E3B3CB7805185E8D2 /* [CP] Copy Pods Resources */,
			);
			buildRules = (
			);
			dependencies = (
				28F836651DA07F7F005BFF77 /* PBXTargetDependency */,
			);
			name = LitFactoryTests;
			productName = LitFactoryTests;
			productReference = 28F836631DA07F7F005BFF77 /* LitFactoryTests.xctest */;
			productType = "com.apple.product-type.bundle.unit-test";
		};
		28F8366D1DA07F7F005BFF77 /* LitFactoryUITests */ = {
			isa = PBXNativeTarget;
			buildConfigurationList = 28F8367D1DA07F7F005BFF77 /* Build configuration list for PBXNativeTarget "LitFactoryUITests" */;
			buildPhases = (
				E00552AFCE7528261514ACAE /* [CP] Check Pods Manifest.lock */,
				28F8366A1DA07F7F005BFF77 /* Sources */,
				28F8366B1DA07F7F005BFF77 /* Frameworks */,
				28F8366C1DA07F7F005BFF77 /* Resources */,
				6A6233B56BC55D85C802C3F1 /* [CP] Copy Pods Resources */,
			);
			buildRules = (
			);
			dependencies = (
				28F836701DA07F7F005BFF77 /* PBXTargetDependency */,
			);
			name = LitFactoryUITests;
			productName = LitFactoryUITests;
			productReference = 28F8366E1DA07F7F005BFF77 /* LitFactoryUITests.xctest */;
			productType = "com.apple.product-type.bundle.ui-testing";
		};
/* End PBXNativeTarget section */

/* Begin PBXProject section */
		28F836451DA07F7F005BFF77 /* Project object */ = {
			isa = PBXProject;
			attributes = {
				LastSwiftUpdateCheck = 0800;
				LastUpgradeCheck = 0800;
				ORGANIZATIONNAME = DankMemrs;
				TargetAttributes = {
					28F8364C1DA07F7F005BFF77 = {
						CreatedOnToolsVersion = 8.0;
						DevelopmentTeam = 9U2WW96W28;
						ProvisioningStyle = Automatic;
					};
					28F836621DA07F7F005BFF77 = {
						CreatedOnToolsVersion = 8.0;
						ProvisioningStyle = Automatic;
						TestTargetID = 28F8364C1DA07F7F005BFF77;
					};
					28F8366D1DA07F7F005BFF77 = {
						CreatedOnToolsVersion = 8.0;
						ProvisioningStyle = Automatic;
						TestTargetID = 28F8364C1DA07F7F005BFF77;
					};
				};
			};
			buildConfigurationList = 28F836481DA07F7F005BFF77 /* Build configuration list for PBXProject "LitFactory" */;
			compatibilityVersion = "Xcode 3.2";
			developmentRegion = English;
			hasScannedForEncodings = 0;
			knownRegions = (
				en,
				Base,
			);
			mainGroup = 28F836441DA07F7F005BFF77;
			productRefGroup = 28F8364E1DA07F7F005BFF77 /* Products */;
			projectDirPath = "";
			projectRoot = "";
			targets = (
				28F8364C1DA07F7F005BFF77 /* LitFactory */,
				28F836621DA07F7F005BFF77 /* LitFactoryTests */,
				28F8366D1DA07F7F005BFF77 /* LitFactoryUITests */,
			);
		};
/* End PBXProject section */

/* Begin PBXResourcesBuildPhase section */
		28F8364B1DA07F7F005BFF77 /* Resources */ = {
			isa = PBXResourcesBuildPhase;
			buildActionMask = 2147483647;
			files = (
				28F8365D1DA07F7F005BFF77 /* LaunchScreen.storyboard in Resources */,
				28F43C921DA0954E00BCE785 /* GoogleService-Info.plist in Resources */,
				28F8365A1DA07F7F005BFF77 /* Assets.xcassets in Resources */,
				28F836581DA07F7F005BFF77 /* Main.storyboard in Resources */,
			);
			runOnlyForDeploymentPostprocessing = 0;
		};
		28F836611DA07F7F005BFF77 /* Resources */ = {
			isa = PBXResourcesBuildPhase;
			buildActionMask = 2147483647;
			files = (
			);
			runOnlyForDeploymentPostprocessing = 0;
		};
		28F8366C1DA07F7F005BFF77 /* Resources */ = {
			isa = PBXResourcesBuildPhase;
			buildActionMask = 2147483647;
			files = (
			);
			runOnlyForDeploymentPostprocessing = 0;
		};
/* End PBXResourcesBuildPhase section */

/* Begin PBXShellScriptBuildPhase section */
		36AFDB2AE219353DCFA8289F /* [CP] Check Pods Manifest.lock */ = {
			isa = PBXShellScriptBuildPhase;
			buildActionMask = 2147483647;
			files = (
			);
			inputPaths = (
			);
			name = "[CP] Check Pods Manifest.lock";
			outputPaths = (
			);
			runOnlyForDeploymentPostprocessing = 0;
			shellPath = /bin/sh;
			shellScript = "diff \"${PODS_ROOT}/../Podfile.lock\" \"${PODS_ROOT}/Manifest.lock\" > /dev/null\nif [[ $? != 0 ]] ; then\n    cat << EOM\nerror: The sandbox is not in sync with the Podfile.lock. Run 'pod install' or update your CocoaPods installation.\nEOM\n    exit 1\nfi\n";
			showEnvVarsInLog = 0;
		};
		5814D35B714389408C4EDAF6 /* [CP] Embed Pods Frameworks */ = {
			isa = PBXShellScriptBuildPhase;
			buildActionMask = 2147483647;
			files = (
			);
			inputPaths = (
			);
			name = "[CP] Embed Pods Frameworks";
			outputPaths = (
			);
			runOnlyForDeploymentPostprocessing = 0;
			shellPath = /bin/sh;
			shellScript = "\"${SRCROOT}/Pods/Target Support Files/Pods-LitFactory/Pods-LitFactory-frameworks.sh\"\n";
			showEnvVarsInLog = 0;
		};
		6A6233B56BC55D85C802C3F1 /* [CP] Copy Pods Resources */ = {
			isa = PBXShellScriptBuildPhase;
			buildActionMask = 2147483647;
			files = (
			);
			inputPaths = (
			);
			name = "[CP] Copy Pods Resources";
			outputPaths = (
			);
			runOnlyForDeploymentPostprocessing = 0;
			shellPath = /bin/sh;
			shellScript = "\"${SRCROOT}/Pods/Target Support Files/Pods-LitFactoryUITests/Pods-LitFactoryUITests-resources.sh\"\n";
			showEnvVarsInLog = 0;
		};
		B64B91B6230C1C8900884F82 /* [CP] Copy Pods Resources */ = {
			isa = PBXShellScriptBuildPhase;
			buildActionMask = 2147483647;
			files = (
			);
			inputPaths = (
			);
			name = "[CP] Copy Pods Resources";
			outputPaths = (
			);
			runOnlyForDeploymentPostprocessing = 0;
			shellPath = /bin/sh;
			shellScript = "\"${SRCROOT}/Pods/Target Support Files/Pods-LitFactory/Pods-LitFactory-resources.sh\"\n";
			showEnvVarsInLog = 0;
		};
		C3013B3E3B3CB7805185E8D2 /* [CP] Copy Pods Resources */ = {
			isa = PBXShellScriptBuildPhase;
			buildActionMask = 2147483647;
			files = (
			);
			inputPaths = (
			);
			name = "[CP] Copy Pods Resources";
			outputPaths = (
			);
			runOnlyForDeploymentPostprocessing = 0;
			shellPath = /bin/sh;
			shellScript = "\"${SRCROOT}/Pods/Target Support Files/Pods-LitFactoryTests/Pods-LitFactoryTests-resources.sh\"\n";
			showEnvVarsInLog = 0;
		};
		E00552AFCE7528261514ACAE /* [CP] Check Pods Manifest.lock */ = {
			isa = PBXShellScriptBuildPhase;
			buildActionMask = 2147483647;
			files = (
			);
			inputPaths = (
			);
			name = "[CP] Check Pods Manifest.lock";
			outputPaths = (
			);
			runOnlyForDeploymentPostprocessing = 0;
			shellPath = /bin/sh;
			shellScript = "diff \"${PODS_ROOT}/../Podfile.lock\" \"${PODS_ROOT}/Manifest.lock\" > /dev/null\nif [[ $? != 0 ]] ; then\n    cat << EOM\nerror: The sandbox is not in sync with the Podfile.lock. Run 'pod install' or update your CocoaPods installation.\nEOM\n    exit 1\nfi\n";
			showEnvVarsInLog = 0;
		};
		E163727526F6CA9A3C5D3E00 /* [CP] Check Pods Manifest.lock */ = {
			isa = PBXShellScriptBuildPhase;
			buildActionMask = 2147483647;
			files = (
			);
			inputPaths = (
			);
			name = "[CP] Check Pods Manifest.lock";
			outputPaths = (
			);
			runOnlyForDeploymentPostprocessing = 0;
			shellPath = /bin/sh;
			shellScript = "diff \"${PODS_ROOT}/../Podfile.lock\" \"${PODS_ROOT}/Manifest.lock\" > /dev/null\nif [[ $? != 0 ]] ; then\n    cat << EOM\nerror: The sandbox is not in sync with the Podfile.lock. Run 'pod install' or update your CocoaPods installation.\nEOM\n    exit 1\nfi\n";
			showEnvVarsInLog = 0;
		};
		F65DFDB9410DC7F8AC6E1B30 /* [CP] Embed Pods Frameworks */ = {
			isa = PBXShellScriptBuildPhase;
			buildActionMask = 2147483647;
			files = (
			);
			inputPaths = (
			);
			name = "[CP] Embed Pods Frameworks";
			outputPaths = (
			);
			runOnlyForDeploymentPostprocessing = 0;
			shellPath = /bin/sh;
			shellScript = "\"${SRCROOT}/Pods/Target Support Files/Pods-LitFactoryTests/Pods-LitFactoryTests-frameworks.sh\"\n";
			showEnvVarsInLog = 0;
		};
/* End PBXShellScriptBuildPhase section */

/* Begin PBXSourcesBuildPhase section */
		28F836491DA07F7F005BFF77 /* Sources */ = {
			isa = PBXSourcesBuildPhase;
			buildActionMask = 2147483647;
			files = (
				F67B07C61DA0EE6800E811CB /* Global.swift in Sources */,
				F67B07C51DA0EE6500E811CB /* Party.swift in Sources */,
				F67B07C41DA0EE6300E811CB /* AppDelegate.swift in Sources */,
				F6AFD4EE1DA0A5E000C11C24 /* HomeViewController.swift in Sources */,
				28F836811DA08182005BFF77 /* User.swift in Sources */,
				F6AFD4F21DA0B49200C11C24 /* HostViewController.swift in Sources */,
				F67B07CA1DA1193800E811CB /* NotificationTableViewCell.swift in Sources */,
				F6AFD4F41DA0C0A400C11C24 /* PhotoViewController.swift in Sources */,
				F6AFD4F01DA0B07900C11C24 /* PartyInfoViewController.swift in Sources */,
				28F43C981DA0D55500BCE785 /* NotificationJoinRequest.swift in Sources */,
				28F43C961DA0D32C00BCE785 /* Notification.swift in Sources */,
				F67B07C81DA1169500E811CB /* NotificationViewController.swift in Sources */,
				28F43C9C1DA0DEAD00BCE785 /* BrowseSession.swift in Sources */,
				28F43C941DA0AE4900BCE785 /* Message.swift in Sources */,
				28F43CA01DA124D100BCE785 /* RequestViewController.swift in Sources */,
				28F43C9A1DA0DBC200BCE785 /* NotificationJoinApproval.swift in Sources */,
			);
			runOnlyForDeploymentPostprocessing = 0;
		};
		28F8365F1DA07F7F005BFF77 /* Sources */ = {
			isa = PBXSourcesBuildPhase;
			buildActionMask = 2147483647;
			files = (
				28F836681DA07F7F005BFF77 /* LitFactoryTests.swift in Sources */,
			);
			runOnlyForDeploymentPostprocessing = 0;
		};
		28F8366A1DA07F7F005BFF77 /* Sources */ = {
			isa = PBXSourcesBuildPhase;
			buildActionMask = 2147483647;
			files = (
				28F836731DA07F7F005BFF77 /* LitFactoryUITests.swift in Sources */,
			);
			runOnlyForDeploymentPostprocessing = 0;
		};
/* End PBXSourcesBuildPhase section */

/* Begin PBXTargetDependency section */
		28F836651DA07F7F005BFF77 /* PBXTargetDependency */ = {
			isa = PBXTargetDependency;
			target = 28F8364C1DA07F7F005BFF77 /* LitFactory */;
			targetProxy = 28F836641DA07F7F005BFF77 /* PBXContainerItemProxy */;
		};
		28F836701DA07F7F005BFF77 /* PBXTargetDependency */ = {
			isa = PBXTargetDependency;
			target = 28F8364C1DA07F7F005BFF77 /* LitFactory */;
			targetProxy = 28F8366F1DA07F7F005BFF77 /* PBXContainerItemProxy */;
		};
/* End PBXTargetDependency section */

/* Begin PBXVariantGroup section */
		28F836561DA07F7F005BFF77 /* Main.storyboard */ = {
			isa = PBXVariantGroup;
			children = (
				28F836571DA07F7F005BFF77 /* Base */,
			);
			name = Main.storyboard;
			sourceTree = "<group>";
		};
		28F8365B1DA07F7F005BFF77 /* LaunchScreen.storyboard */ = {
			isa = PBXVariantGroup;
			children = (
				28F8365C1DA07F7F005BFF77 /* Base */,
			);
			name = LaunchScreen.storyboard;
			sourceTree = "<group>";
		};
/* End PBXVariantGroup section */

/* Begin XCBuildConfiguration section */
		28F836751DA07F7F005BFF77 /* Debug */ = {
			isa = XCBuildConfiguration;
			buildSettings = {
				ALWAYS_SEARCH_USER_PATHS = NO;
				CLANG_ANALYZER_NONNULL = YES;
				CLANG_CXX_LANGUAGE_STANDARD = "gnu++0x";
				CLANG_CXX_LIBRARY = "libc++";
				CLANG_ENABLE_MODULES = YES;
				CLANG_ENABLE_OBJC_ARC = YES;
				CLANG_WARN_BOOL_CONVERSION = YES;
				CLANG_WARN_CONSTANT_CONVERSION = YES;
				CLANG_WARN_DIRECT_OBJC_ISA_USAGE = YES_ERROR;
				CLANG_WARN_DOCUMENTATION_COMMENTS = YES;
				CLANG_WARN_EMPTY_BODY = YES;
				CLANG_WARN_ENUM_CONVERSION = YES;
				CLANG_WARN_INFINITE_RECURSION = YES;
				CLANG_WARN_INT_CONVERSION = YES;
				CLANG_WARN_OBJC_ROOT_CLASS = YES_ERROR;
				CLANG_WARN_SUSPICIOUS_MOVES = YES;
				CLANG_WARN_UNREACHABLE_CODE = YES;
				CLANG_WARN__DUPLICATE_METHOD_MATCH = YES;
				"CODE_SIGN_IDENTITY[sdk=iphoneos*]" = "iPhone Developer";
				COPY_PHASE_STRIP = NO;
				DEBUG_INFORMATION_FORMAT = dwarf;
				ENABLE_STRICT_OBJC_MSGSEND = YES;
				ENABLE_TESTABILITY = YES;
				GCC_C_LANGUAGE_STANDARD = gnu99;
				GCC_DYNAMIC_NO_PIC = NO;
				GCC_NO_COMMON_BLOCKS = YES;
				GCC_OPTIMIZATION_LEVEL = 0;
				GCC_PREPROCESSOR_DEFINITIONS = (
					"DEBUG=1",
					"$(inherited)",
				);
				GCC_WARN_64_TO_32_BIT_CONVERSION = YES;
				GCC_WARN_ABOUT_RETURN_TYPE = YES_ERROR;
				GCC_WARN_UNDECLARED_SELECTOR = YES;
				GCC_WARN_UNINITIALIZED_AUTOS = YES_AGGRESSIVE;
				GCC_WARN_UNUSED_FUNCTION = YES;
				GCC_WARN_UNUSED_VARIABLE = YES;
				IPHONEOS_DEPLOYMENT_TARGET = 10.0;
				MTL_ENABLE_DEBUG_INFO = YES;
				ONLY_ACTIVE_ARCH = YES;
				SDKROOT = iphoneos;
				SWIFT_ACTIVE_COMPILATION_CONDITIONS = DEBUG;
				SWIFT_OPTIMIZATION_LEVEL = "-Onone";
				TARGETED_DEVICE_FAMILY = "1,2";
			};
			name = Debug;
		};
		28F836761DA07F7F005BFF77 /* Release */ = {
			isa = XCBuildConfiguration;
			buildSettings = {
				ALWAYS_SEARCH_USER_PATHS = NO;
				CLANG_ANALYZER_NONNULL = YES;
				CLANG_CXX_LANGUAGE_STANDARD = "gnu++0x";
				CLANG_CXX_LIBRARY = "libc++";
				CLANG_ENABLE_MODULES = YES;
				CLANG_ENABLE_OBJC_ARC = YES;
				CLANG_WARN_BOOL_CONVERSION = YES;
				CLANG_WARN_CONSTANT_CONVERSION = YES;
				CLANG_WARN_DIRECT_OBJC_ISA_USAGE = YES_ERROR;
				CLANG_WARN_DOCUMENTATION_COMMENTS = YES;
				CLANG_WARN_EMPTY_BODY = YES;
				CLANG_WARN_ENUM_CONVERSION = YES;
				CLANG_WARN_INFINITE_RECURSION = YES;
				CLANG_WARN_INT_CONVERSION = YES;
				CLANG_WARN_OBJC_ROOT_CLASS = YES_ERROR;
				CLANG_WARN_SUSPICIOUS_MOVES = YES;
				CLANG_WARN_UNREACHABLE_CODE = YES;
				CLANG_WARN__DUPLICATE_METHOD_MATCH = YES;
				"CODE_SIGN_IDENTITY[sdk=iphoneos*]" = "iPhone Developer";
				COPY_PHASE_STRIP = NO;
				DEBUG_INFORMATION_FORMAT = "dwarf-with-dsym";
				ENABLE_NS_ASSERTIONS = NO;
				ENABLE_STRICT_OBJC_MSGSEND = YES;
				GCC_C_LANGUAGE_STANDARD = gnu99;
				GCC_NO_COMMON_BLOCKS = YES;
				GCC_WARN_64_TO_32_BIT_CONVERSION = YES;
				GCC_WARN_ABOUT_RETURN_TYPE = YES_ERROR;
				GCC_WARN_UNDECLARED_SELECTOR = YES;
				GCC_WARN_UNINITIALIZED_AUTOS = YES_AGGRESSIVE;
				GCC_WARN_UNUSED_FUNCTION = YES;
				GCC_WARN_UNUSED_VARIABLE = YES;
				IPHONEOS_DEPLOYMENT_TARGET = 10.0;
				MTL_ENABLE_DEBUG_INFO = NO;
				SDKROOT = iphoneos;
				SWIFT_OPTIMIZATION_LEVEL = "-Owholemodule";
				TARGETED_DEVICE_FAMILY = "1,2";
				VALIDATE_PRODUCT = YES;
			};
			name = Release;
		};
		28F836781DA07F7F005BFF77 /* Debug */ = {
			isa = XCBuildConfiguration;
			baseConfigurationReference = F53554B65C26FDC4812AF753 /* Pods-LitFactory.debug.xcconfig */;
			buildSettings = {
				ASSETCATALOG_COMPILER_APPICON_NAME = AppIcon;
				DEVELOPMENT_TEAM = 9U2WW96W28;
				INFOPLIST_FILE = LitFactory/Info.plist;
				IPHONEOS_DEPLOYMENT_TARGET = 8.0;
				LD_RUNPATH_SEARCH_PATHS = "$(inherited) @executable_path/Frameworks";
				PRODUCT_BUNDLE_IDENTIFIER = dankmemrs.LitFactory;
				PRODUCT_NAME = "$(TARGET_NAME)";
				SWIFT_VERSION = 3.0;
			};
			name = Debug;
		};
		28F836791DA07F7F005BFF77 /* Release */ = {
			isa = XCBuildConfiguration;
			baseConfigurationReference = A7C1BBC1D90F7BA8B7AC908E /* Pods-LitFactory.release.xcconfig */;
			buildSettings = {
				ASSETCATALOG_COMPILER_APPICON_NAME = AppIcon;
				DEVELOPMENT_TEAM = 9U2WW96W28;
				INFOPLIST_FILE = LitFactory/Info.plist;
				IPHONEOS_DEPLOYMENT_TARGET = 8.0;
				LD_RUNPATH_SEARCH_PATHS = "$(inherited) @executable_path/Frameworks";
				PRODUCT_BUNDLE_IDENTIFIER = dankmemrs.LitFactory;
				PRODUCT_NAME = "$(TARGET_NAME)";
				SWIFT_VERSION = 3.0;
			};
			name = Release;
		};
		28F8367B1DA07F7F005BFF77 /* Debug */ = {
			isa = XCBuildConfiguration;
			baseConfigurationReference = 5FA72B958408A8E1A3EEB6C7 /* Pods-LitFactoryTests.debug.xcconfig */;
			buildSettings = {
				ALWAYS_EMBED_SWIFT_STANDARD_LIBRARIES = YES;
				BUNDLE_LOADER = "$(TEST_HOST)";
				INFOPLIST_FILE = LitFactoryTests/Info.plist;
				LD_RUNPATH_SEARCH_PATHS = "$(inherited) @executable_path/Frameworks @loader_path/Frameworks";
				PRODUCT_BUNDLE_IDENTIFIER = dankmemrs.LitFactoryTests;
				PRODUCT_NAME = "$(TARGET_NAME)";
				SWIFT_VERSION = 3.0;
				TEST_HOST = "$(BUILT_PRODUCTS_DIR)/LitFactory.app/LitFactory";
			};
			name = Debug;
		};
		28F8367C1DA07F7F005BFF77 /* Release */ = {
			isa = XCBuildConfiguration;
			baseConfigurationReference = 6C39C5D87E696583E1FC53AD /* Pods-LitFactoryTests.release.xcconfig */;
			buildSettings = {
				ALWAYS_EMBED_SWIFT_STANDARD_LIBRARIES = YES;
				BUNDLE_LOADER = "$(TEST_HOST)";
				INFOPLIST_FILE = LitFactoryTests/Info.plist;
				LD_RUNPATH_SEARCH_PATHS = "$(inherited) @executable_path/Frameworks @loader_path/Frameworks";
				PRODUCT_BUNDLE_IDENTIFIER = dankmemrs.LitFactoryTests;
				PRODUCT_NAME = "$(TARGET_NAME)";
				SWIFT_VERSION = 3.0;
				TEST_HOST = "$(BUILT_PRODUCTS_DIR)/LitFactory.app/LitFactory";
			};
			name = Release;
		};
		28F8367E1DA07F7F005BFF77 /* Debug */ = {
			isa = XCBuildConfiguration;
			baseConfigurationReference = B7D3EA04852A6349984A3396 /* Pods-LitFactoryUITests.debug.xcconfig */;
			buildSettings = {
				ALWAYS_EMBED_SWIFT_STANDARD_LIBRARIES = YES;
				INFOPLIST_FILE = LitFactoryUITests/Info.plist;
				LD_RUNPATH_SEARCH_PATHS = "$(inherited) @executable_path/Frameworks @loader_path/Frameworks";
				PRODUCT_BUNDLE_IDENTIFIER = dankmemrs.LitFactoryUITests;
				PRODUCT_NAME = "$(TARGET_NAME)";
				SWIFT_VERSION = 3.0;
				TEST_TARGET_NAME = LitFactory;
			};
			name = Debug;
		};
		28F8367F1DA07F7F005BFF77 /* Release */ = {
			isa = XCBuildConfiguration;
			baseConfigurationReference = 77D85AD45E9AD49853E4675D /* Pods-LitFactoryUITests.release.xcconfig */;
			buildSettings = {
				ALWAYS_EMBED_SWIFT_STANDARD_LIBRARIES = YES;
				INFOPLIST_FILE = LitFactoryUITests/Info.plist;
				LD_RUNPATH_SEARCH_PATHS = "$(inherited) @executable_path/Frameworks @loader_path/Frameworks";
				PRODUCT_BUNDLE_IDENTIFIER = dankmemrs.LitFactoryUITests;
				PRODUCT_NAME = "$(TARGET_NAME)";
				SWIFT_VERSION = 3.0;
				TEST_TARGET_NAME = LitFactory;
			};
			name = Release;
		};
/* End XCBuildConfiguration section */

/* Begin XCConfigurationList section */
		28F836481DA07F7F005BFF77 /* Build configuration list for PBXProject "LitFactory" */ = {
			isa = XCConfigurationList;
			buildConfigurations = (
				28F836751DA07F7F005BFF77 /* Debug */,
				28F836761DA07F7F005BFF77 /* Release */,
			);
			defaultConfigurationIsVisible = 0;
			defaultConfigurationName = Release;
		};
		28F836771DA07F7F005BFF77 /* Build configuration list for PBXNativeTarget "LitFactory" */ = {
			isa = XCConfigurationList;
			buildConfigurations = (
				28F836781DA07F7F005BFF77 /* Debug */,
				28F836791DA07F7F005BFF77 /* Release */,
			);
			defaultConfigurationIsVisible = 0;
			defaultConfigurationName = Release;
		};
		28F8367A1DA07F7F005BFF77 /* Build configuration list for PBXNativeTarget "LitFactoryTests" */ = {
			isa = XCConfigurationList;
			buildConfigurations = (
				28F8367B1DA07F7F005BFF77 /* Debug */,
				28F8367C1DA07F7F005BFF77 /* Release */,
			);
			defaultConfigurationIsVisible = 0;
			defaultConfigurationName = Release;
		};
		28F8367D1DA07F7F005BFF77 /* Build configuration list for PBXNativeTarget "LitFactoryUITests" */ = {
			isa = XCConfigurationList;
			buildConfigurations = (
				28F8367E1DA07F7F005BFF77 /* Debug */,
				28F8367F1DA07F7F005BFF77 /* Release */,
			);
			defaultConfigurationIsVisible = 0;
			defaultConfigurationName = Release;
		};
/* End XCConfigurationList section */
	};
	rootObject = 28F836451DA07F7F005BFF77 /* Project object */;
}
